PODS:
  - Alamofire (4.9.1)
  - MBProgressHUD (1.2.0)
  - SDWebImage (5.8.4):
    - SDWebImage/Core (= 5.8.4)
  - SDWebImage/Core (5.8.4)

DEPENDENCIES:
  - Alamofire (~> 4.7)
  - MBProgressHUD
  - SDWebImage

SPEC REPOS:
  trunk:
    - Alamofire
    - MBProgressHUD
    - SDWebImage

SPEC CHECKSUMS:
  Alamofire: 85e8a02c69d6020a0d734f6054870d7ecb75cf18
  MBProgressHUD: 3ee5efcc380f6a79a7cc9b363dd669c5e1ae7406
  SDWebImage: cf6922231e95550934da2ada0f20f2becf2ceba9

PODFILE CHECKSUM: d6a8b2be141454eb45a947f4a364fb353922178b

COCOAPODS: 1.9.1
